
Microsoft Visual Studio Solution File, Format Version 12.00
# Visual Studio Version 17
VisualStudioVersion = 17.7.34024.191
MinimumVisualStudioVersion = 10.0.40219.1
Project("{FAE04EC0-301F-11D3-BF4B-00C04F79EFBC}") = "HackYeah.Backend.AsymmetricCrypto", "HackYeah.Backend.AsymmetricCrypto.csproj", "{D96CD377-572E-49A4-913A-E9A17AE10CEF}"
EndProject
Global
	GlobalSection(SolutionConfigurationPlatforms) = preSolution
		Debug|Any CPU = Debug|Any CPU
		Release|Any CPU = Release|Any CPU
	EndGlobalSection
	GlobalSection(ProjectConfigurationPlatforms) = postSolution
		{D96CD377-572E-49A4-913A-E9A17AE10CEF}.Debug|Any CPU.ActiveCfg = Debug|Any CPU
		{D96CD377-572E-49A4-913A-E9A17AE10CEF}.Debug|Any CPU.Build.0 = Debug|Any CPU
		{D96CD377-572E-49A4-913A-E9A17AE10CEF}.Release|Any CPU.ActiveCfg = Release|Any CPU
		{D96CD377-572E-49A4-913A-E9A17AE10CEF}.Release|Any CPU.Build.0 = Release|Any CPU
	EndGlobalSection
	GlobalSection(SolutionProperties) = preSolution
		HideSolutionNode = FALSE
	EndGlobalSection
	GlobalSection(ExtensibilityGlobals) = postSolution
		SolutionGuid = {DF8E776F-8103-4F5F-AA02-40B11DB17DD1}
	EndGlobalSection
EndGlobal
